
Microsoft Visual Studio Solution File, Format Version 12.00
# Visual Studio Version 16
VisualStudioVersion = 16.0.30114.105
MinimumVisualStudioVersion = 10.0.40219.1
Project("{9A19103F-16F7-4668-BE54-9A1E7A4F7556}") = "Assignment1", "assignment1\Assignment1.csproj", "{2550E442-0195-46C2-A388-55A09AFD6C0D}"
EndProject
Project("{9A19103F-16F7-4668-BE54-9A1E7A4F7556}") = "Assignment2", "assignment2\Assignment2.csproj", "{E2953244-C8F1-4BE7-88AC-3634546E0963}"
EndProject
Project("{9A19103F-16F7-4668-BE54-9A1E7A4F7556}") = "Assignment3", "assignment3\Assignment3.csproj", "{1A584C08-9CCE-4C12-93B1-A710AB444739}"
EndProject
Project("{9A19103F-16F7-4668-BE54-9A1E7A4F7556}") = "Assignment4", "assignmeent4\Assignment4.csproj", "{2B909A68-A967-4E09-AE75-EF318294D8FC}"
EndProject
Project("{9A19103F-16F7-4668-BE54-9A1E7A4F7556}") = "Assignment5", "assignment5\Assignment5.csproj", "{4F381604-F7FF-4AA6-87FC-E5C7F97F31D4}"
EndProject
Project("{9A19103F-16F7-4668-BE54-9A1E7A4F7556}") = "Assignment6", "assignment6\Assignment6.csproj", "{C3B7EED4-E770-4C1E-9CA1-6C06DBF5C9C6}"
EndProject
Project("{FAE04EC0-301F-11D3-BF4B-00C04F79EFBC}") = "Assignment", "Assignment\Assignment.csproj", "{0C70CE45-CBAC-4954-8099-8AD39CA584DD}"
EndProject
Global
	GlobalSection(SolutionConfigurationPlatforms) = preSolution
		Debug|Any CPU = Debug|Any CPU
		Release|Any CPU = Release|Any CPU
	EndGlobalSection
	GlobalSection(ProjectConfigurationPlatforms) = postSolution
		{2550E442-0195-46C2-A388-55A09AFD6C0D}.Debug|Any CPU.ActiveCfg = Debug|Any CPU
		{2550E442-0195-46C2-A388-55A09AFD6C0D}.Debug|Any CPU.Build.0 = Debug|Any CPU
		{2550E442-0195-46C2-A388-55A09AFD6C0D}.Release|Any CPU.ActiveCfg = Release|Any CPU
		{2550E442-0195-46C2-A388-55A09AFD6C0D}.Release|Any CPU.Build.0 = Release|Any CPU
		{E2953244-C8F1-4BE7-88AC-3634546E0963}.Debug|Any CPU.ActiveCfg = Debug|Any CPU
		{E2953244-C8F1-4BE7-88AC-3634546E0963}.Debug|Any CPU.Build.0 = Debug|Any CPU
		{E2953244-C8F1-4BE7-88AC-3634546E0963}.Release|Any CPU.ActiveCfg = Release|Any CPU
		{E2953244-C8F1-4BE7-88AC-3634546E0963}.Release|Any CPU.Build.0 = Release|Any CPU
		{1A584C08-9CCE-4C12-93B1-A710AB444739}.Debug|Any CPU.ActiveCfg = Debug|Any CPU
		{1A584C08-9CCE-4C12-93B1-A710AB444739}.Debug|Any CPU.Build.0 = Debug|Any CPU
		{1A584C08-9CCE-4C12-93B1-A710AB444739}.Release|Any CPU.ActiveCfg = Release|Any CPU
		{1A584C08-9CCE-4C12-93B1-A710AB444739}.Release|Any CPU.Build.0 = Release|Any CPU
		{2B909A68-A967-4E09-AE75-EF318294D8FC}.Debug|Any CPU.ActiveCfg = Debug|Any CPU
		{2B909A68-A967-4E09-AE75-EF318294D8FC}.Debug|Any CPU.Build.0 = Debug|Any CPU
		{2B909A68-A967-4E09-AE75-EF318294D8FC}.Release|Any CPU.ActiveCfg = Release|Any CPU
		{2B909A68-A967-4E09-AE75-EF318294D8FC}.Release|Any CPU.Build.0 = Release|Any CPU
		{4F381604-F7FF-4AA6-87FC-E5C7F97F31D4}.Debug|Any CPU.ActiveCfg = Debug|Any CPU
		{4F381604-F7FF-4AA6-87FC-E5C7F97F31D4}.Debug|Any CPU.Build.0 = Debug|Any CPU
		{4F381604-F7FF-4AA6-87FC-E5C7F97F31D4}.Release|Any CPU.ActiveCfg = Release|Any CPU
		{4F381604-F7FF-4AA6-87FC-E5C7F97F31D4}.Release|Any CPU.Build.0 = Release|Any CPU
		{C3B7EED4-E770-4C1E-9CA1-6C06DBF5C9C6}.Debug|Any CPU.ActiveCfg = Debug|Any CPU
		{C3B7EED4-E770-4C1E-9CA1-6C06DBF5C9C6}.Debug|Any CPU.Build.0 = Debug|Any CPU
		{C3B7EED4-E770-4C1E-9CA1-6C06DBF5C9C6}.Release|Any CPU.ActiveCfg = Release|Any CPU
		{C3B7EED4-E770-4C1E-9CA1-6C06DBF5C9C6}.Release|Any CPU.Build.0 = Release|Any CPU
		{0C70CE45-CBAC-4954-8099-8AD39CA584DD}.Debug|Any CPU.ActiveCfg = Debug|Any CPU
		{0C70CE45-CBAC-4954-8099-8AD39CA584DD}.Debug|Any CPU.Build.0 = Debug|Any CPU
		{0C70CE45-CBAC-4954-8099-8AD39CA584DD}.Release|Any CPU.ActiveCfg = Release|Any CPU
		{0C70CE45-CBAC-4954-8099-8AD39CA584DD}.Release|Any CPU.Build.0 = Release|Any CPU
	EndGlobalSection
	GlobalSection(SolutionProperties) = preSolution
		HideSolutionNode = FALSE
	EndGlobalSection
	GlobalSection(ExtensibilityGlobals) = postSolution
		SolutionGuid = {FBD79453-90B7-4665-939C-4DCA98A62E9D}
	EndGlobalSection
EndGlobal
